<Solution>
  <Configurations>
    <Platform Name="Any CPU" />
    <Platform Name="x64" />
    <Platform Name="x86" />
  </Configurations>
  <Folder Name="/Samples/">
    <Project Path="Samples/CompileLibCxx/CompileLibCxx.csproj" />
  </Folder>
  <Folder Name="/Scripts/">
    <File Path="Scripts\CMake.Config.cs" />
    <File Path="Scripts/ByteCodeTranspiler.cs" />
    <File Path="Scripts/LargeProjectCompiler.cs" />
    <File Path="Scripts/LlvmBinaryTextConverter.cs" />
    <File Path="Scripts/SizeOptimizer.cs" />
    <File Path="Scripts\CMake.Build.cs" />
    <File Path="Scripts\CMake.Clean.cs" />
    <File Path="Scripts\Directory.Build.Props" />
    <Project Path="Scripts\Tooling\Build.Scripts.Tooling.csproj" />
  </Folder>
  <Folder Name="/Solution Items/">
    <File Path=".editorconfig" />
    <File Path=".gitignore" />
    <File Path="Directory.Build.props" />
    <File Path="Directory.Packages.props" />
    <File Path="global.json" />
    <File Path="LICENSE.txt" />
    <File Path="Notes.md" />
    <File Path="README.md" />
    <File Path=".github\workflows\ci.yml" />
  </Folder>
  <Project Path="AssetRipper.Translation.LlvmIR.SampleGenerator\AssetRipper.Translation.LlvmIR.SampleGenerator.csproj" />
  <Project Path="AssetRipper.Translation.LlvmIR.Shims.Native\AssetRipper.Translation.LlvmIR.Shims.Native.csproj" />
  <Project Path="AssetRipper.Translation.LlvmIR.SourceGenerator\AssetRipper.Translation.LlvmIR.SourceGenerator.csproj" />
  <Project Path="AssetRipper.Translation.LlvmIR.Tests.SourceGenerator\AssetRipper.Translation.LlvmIR.Tests.SourceGenerator.csproj" />
  <Project Path="AssetRipper.Translation.LlvmIR.Tests\AssetRipper.Translation.LlvmIR.Tests.csproj" />
  <Project Path="AssetRipper.Translation.LlvmIR\AssetRipper.Translation.LlvmIR.csproj" />
</Solution>